
Microsoft Visual Studio Solution File, Format Version 12.00
Project("{FAE04EC0-301F-11D3-BF4B-00C04F79EFBC}") = "CadastroAluno", "CadastroAluno\CadastroAluno.csproj", "{DD066663-289B-4233-A08E-AC0E9A834D7B}"
EndProject
Global
	GlobalSection(SolutionConfigurationPlatforms) = preSolution
		Debug|Any CPU = Debug|Any CPU
		Release|Any CPU = Release|Any CPU
	EndGlobalSection
	GlobalSection(ProjectConfigurationPlatforms) = postSolution
		{DD066663-289B-4233-A08E-AC0E9A834D7B}.Debug|Any CPU.ActiveCfg = Debug|Any CPU
		{DD066663-289B-4233-A08E-AC0E9A834D7B}.Debug|Any CPU.Build.0 = Debug|Any CPU
		{DD066663-289B-4233-A08E-AC0E9A834D7B}.Release|Any CPU.ActiveCfg = Release|Any CPU
		{DD066663-289B-4233-A08E-AC0E9A834D7B}.Release|Any CPU.Build.0 = Release|Any CPU
	EndGlobalSection
EndGlobal
